// !$*UTF8*$!
{
	archiveVersion = 1;
	classes = {
	};
	objectVersion = 50;
	objects = {

/* Begin PBXBuildFile section */
		2B451E892424FEFF0001E588 /* AppDelegate.swift in Sources */ = {isa = PBXBuildFile; fileRef = 2B451E882424FEFF0001E588 /* AppDelegate.swift */; };
		2B451E8B2424FEFF0001E588 /* SceneDelegate.swift in Sources */ = {isa = PBXBuildFile; fileRef = 2B451E8A2424FEFF0001E588 /* SceneDelegate.swift */; };
		2B451E8D2424FEFF0001E588 /* ViewController.swift in Sources */ = {isa = PBXBuildFile; fileRef = 2B451E8C2424FEFF0001E588 /* ViewController.swift */; };
		2B451E902424FEFF0001E588 /* Main.storyboard in Resources */ = {isa = PBXBuildFile; fileRef = 2B451E8E2424FEFF0001E588 /* Main.storyboard */; };
		2B451E922424FF020001E588 /* Assets.xcassets in Resources */ = {isa = PBXBuildFile; fileRef = 2B451E912424FF020001E588 /* Assets.xcassets */; };
		2B451E952424FF020001E588 /* LaunchScreen.storyboard in Resources */ = {isa = PBXBuildFile; fileRef = 2B451E932424FF020001E588 /* LaunchScreen.storyboard */; };
/* End PBXBuildFile section */

/* Begin PBXFileReference section */
		2B451E852424FEFF0001E588 /* ProgrammaticallyUI-day1.app */ = {isa = PBXFileReference; explicitFileType = wrapper.application; includeInIndex = 0; path = "ProgrammaticallyUI-day1.app"; sourceTree = BUILT_PRODUCTS_DIR; };
		2B451E882424FEFF0001E588 /* AppDelegate.swift */ = {isa = PBXFileReference; lastKnownFileType = sourcecode.swift; path = AppDelegate.swift; sourceTree = "<group>"; };
		2B451E8A2424FEFF0001E588 /* SceneDelegate.swift */ = {isa = PBXFileReference; lastKnownFileType = sourcecode.swift; path = SceneDelegate.swift; sourceTree = "<group>"; };
		2B451E8C2424FEFF0001E588 /* ViewController.swift */ = {isa = PBXFileReference; lastKnownFileType = sourcecode.swift; path = ViewController.swift; sourceTree = "<group>"; };
		2B451E8F2424FEFF0001E588 /* Base */ = {isa = PBXFileReference; lastKnownFileType = file.storyboard; name = Base; path = Base.lproj/Main.storyboard; sourceTree = "<group>"; };
		2B451E912424FF020001E588 /* Assets.xcassets */ = {isa = PBXFileReference; lastKnownFileType = folder.assetcatalog; path = Assets.xcassets; sourceTree = "<group>"; };
		2B451E942424FF020001E588 /* Base */ = {isa = PBXFileReference; lastKnownFileType = file.storyboard; name = Base; path = Base.lproj/LaunchScreen.storyboard; sourceTree = "<group>"; };
		2B451E962424FF020001E588 /* Info.plist */ = {isa = PBXFileReference; lastKnownFileType = text.plist.xml; path = Info.plist; sourceTree = "<group>"; };
/* End PBXFileReference section */

/* Begin PBXFrameworksBuildPhase section */
		2B451E822424FEFF0001E588 /* Frameworks */ = {
			isa = PBXFrameworksBuildPhase;
			buildActionMask = 2147483647;
			files = (
			);
			runOnlyForDeploymentPostprocessing = 0;
		};
/* End PBXFrameworksBuildPhase section */

/* Begin PBXGroup section */
		2B451E7C2424FEFF0001E588 = {
			isa = PBXGroup;
			children = (
				2B451E872424FEFF0001E588 /* ProgrammaticallyUI-day1 */,
				2B451E862424FEFF0001E588 /* Products */,
			);
			sourceTree = "<group>";
		};
		2B451E862424FEFF0001E588 /* Products */ = {
			isa = PBXGroup;
			children = (
				2B451E852424FEFF0001E588 /* ProgrammaticallyUI-day1.app */,
			);
			name = Products;
			sourceTree = "<group>";
		};
		2B451E872424FEFF0001E588 /* ProgrammaticallyUI-day1 */ = {
			isa = PBXGroup;
			children = (
				2B451E882424FEFF0001E588 /* AppDelegate.swift */,
				2B451E8A2424FEFF0001E588 /* SceneDelegate.swift */,
				2B451E8C2424FEFF0001E588 /* ViewController.swift */,
				2B451E8E2424FEFF0001E588 /* Main.storyboard */,
				2B451E912424FF020001E588 /* Assets.xcassets */,
				2B451E932424FF020001E588 /* LaunchScreen.storyboard */,
				2B451E962424FF020001E588 /* Info.plist */,
			);
			path = "ProgrammaticallyUI-day1";
			sourceTree = "<group>";
		};
/* End PBXGroup section */

/* Begin PBXNativeTarget section */
		2B451E842424FEFF0001E588 /* ProgrammaticallyUI-day1 */ = {
			isa = PBXNativeTarget;
			buildConfigurationList = 2B451E992424FF020001E588 /* Build configuration list for PBXNativeTarget "ProgrammaticallyUI-day1" */;
			buildPhases = (
				2B451E812424FEFF0001E588 /* Sources */,
				2B451E822424FEFF0001E588 /* Frameworks */,
				2B451E832424FEFF0001E588 /* Resources */,
			);
			buildRules = (
			);
			dependencies = (
			);
			name = "ProgrammaticallyUI-day1";
			productName = "ProgrammaticallyUI-day1";
			productReference = 2B451E852424FEFF0001E588 /* ProgrammaticallyUI-day1.app */;
			productType = "com.apple.product-type.application";
		};
/* End PBXNativeTarget section */

/* Begin PBXProject section */
		2B451E7D2424FEFF0001E588 /* Project object */ = {
			isa = PBXProject;
			attributes = {
				LastSwiftUpdateCheck = 1130;
				LastUpgradeCheck = 1130;
				ORGANIZATIONNAME = "Sugirbay Margulan";
				TargetAttributes = {
					2B451E842424FEFF0001E588 = {
						CreatedOnToolsVersion = 11.3;
					};
				};
			};
			buildConfigurationList = 2B451E802424FEFF0001E588 /* Build configuration list for PBXProject "ProgrammaticallyUI-day1" */;
			compatibilityVersion = "Xcode 9.3";
			developmentRegion = en;
			hasScannedForEncodings = 0;
			knownRegions = (
				en,
				Base,
			);
			mainGroup = 2B451E7C2424FEFF0001E588;
			productRefGroup = 2B451E862424FEFF0001E588 /* Products */;
			projectDirPath = "";
			projectRoot = "";
			targets = (
				2B451E842424FEFF0001E588 /* ProgrammaticallyUI-day1 */,
			);
		};
/* End PBXProject section */

/* Begin PBXResourcesBuildPhase section */
		2B451E832424FEFF0001E588 /* Resources */ = {
			isa = PBXResourcesBuildPhase;
			buildActionMask = 2147483647;
			files = (
				2B451E952424FF020001E588 /* LaunchScreen.storyboard in Resources */,
				2B451E922424FF020001E588 /* Assets.xcassets in Resources */,
				2B451E902424FEFF0001E588 /* Main.storyboard in Resources */,
			);
			runOnlyForDeploymentPostprocessing = 0;
		};
/* End PBXResourcesBuildPhase section */

/* Begin PBXSourcesBuildPhase section */
		2B451E812424FEFF0001E588 /* Sources */ = {
			isa = PBXSourcesBuildPhase;
			buildActionMask = 2147483647;
			files = (
				2B451E8D2424FEFF0001E588 /* ViewController.swift in Sources */,
				2B451E892424FEFF0001E588 /* AppDelegate.swift in Sources */,
				2B451E8B2424FEFF0001E588 /* SceneDelegate.swift in Sources */,
			);
			runOnlyForDeploymentPostprocessing = 0;
		};
/* End PBXSourcesBuildPhase section */

/* Begin PBXVariantGroup section */
		2B451E8E2424FEFF0001E588 /* Main.storyboard */ = {
			isa = PBXVariantGroup;
			children = (
				2B451E8F2424FEFF0001E588 /* Base */,
			);
			name = Main.storyboard;
			sourceTree = "<group>";
		};
		2B451E932424FF020001E588 /* LaunchScreen.storyboard */ = {
			isa = PBXVariantGroup;
			children = (
				2B451E942424FF020001E588 /* Base */,
			);
			name = LaunchScreen.storyboard;
			sourceTree = "<group>";
		};
/* End PBXVariantGroup section */

/* Begin XCBuildConfiguration section */
		2B451E972424FF020001E588 /* Debug */ = {
			isa = XCBuildConfiguration;
			buildSettings = {
				ALWAYS_SEARCH_USER_PATHS = NO;
				CLANG_ANALYZER_NONNULL = YES;
				CLANG_ANALYZER_NUMBER_OBJECT_CONVERSION = YES_AGGRESSIVE;
				CLANG_CXX_LANGUAGE_STANDARD = "gnu++14";
				CLANG_CXX_LIBRARY = "libc++";
				CLANG_ENABLE_MODULES = YES;
				CLANG_ENABLE_OBJC_ARC = YES;
				CLANG_ENABLE_OBJC_WEAK = YES;
				CLANG_WARN_BLOCK_CAPTURE_AUTORELEASING = YES;
				CLANG_WARN_BOOL_CONVERSION = YES;
				CLANG_WARN_COMMA = YES;
				CLANG_WARN_CONSTANT_CONVERSION = YES;
				CLANG_WARN_DEPRECATED_OBJC_IMPLEMENTATIONS = YES;
				CLANG_WARN_DIRECT_OBJC_ISA_USAGE = YES_ERROR;
				CLANG_WARN_DOCUMENTATION_COMMENTS = YES;
				CLANG_WARN_EMPTY_BODY = YES;
				CLANG_WARN_ENUM_CONVERSION = YES;
				CLANG_WARN_INFINITE_RECURSION = YES;
				CLANG_WARN_INT_CONVERSION = YES;
				CLANG_WARN_NON_LITERAL_NULL_CONVERSION = YES;
				CLANG_WARN_OBJC_IMPLICIT_RETAIN_SELF = YES;
				CLANG_WARN_OBJC_LITERAL_CONVERSION = YES;
				CLANG_WARN_OBJC_ROOT_CLASS = YES_ERROR;
				CLANG_WARN_RANGE_LOOP_ANALYSIS = YES;
				CLANG_WARN_STRICT_PROTOTYPES = YES;
				CLANG_WARN_SUSPICIOUS_MOVE = YES;
				CLANG_WARN_UNGUARDED_AVAILABILITY = YES_AGGRESSIVE;
				CLANG_WARN_UNREACHABLE_CODE = YES;
				CLANG_WARN__DUPLICATE_METHOD_MATCH = YES;
				COPY_PHASE_STRIP = NO;
				DEBUG_INFORMATION_FORMAT = dwarf;
				ENABLE_STRICT_OBJC_MSGSEND = YES;
				ENABLE_TESTABILITY = YES;
				GCC_C_LANGUAGE_STANDARD = gnu11;
				GCC_DYNAMIC_NO_PIC = NO;
				GCC_NO_COMMON_BLOCKS = YES;
				GCC_OPTIMIZATION_LEVEL = 0;
				GCC_PREPROCESSOR_DEFINITIONS = (
					"DEBUG=1",
					"$(inherited)",
				);
				GCC_WARN_64_TO_32_BIT_CONVERSION = YES;
				GCC_WARN_ABOUT_RETURN_TYPE = YES_ERROR;
				GCC_WARN_UNDECLARED_SELECTOR = YES;
				GCC_WARN_UNINITIALIZED_AUTOS = YES_AGGRESSIVE;
				GCC_WARN_UNUSED_FUNCTION = YES;
				GCC_WARN_UNUSED_VARIABLE = YES;
				IPHONEOS_DEPLOYMENT_TARGET = 13.2;
				MTL_ENABLE_DEBUG_INFO = INCLUDE_SOURCE;
				MTL_FAST_MATH = YES;
				ONLY_ACTIVE_ARCH = YES;
				SDKROOT = iphoneos;
				SWIFT_ACTIVE_COMPILATION_CONDITIONS = DEBUG;
				SWIFT_OPTIMIZATION_LEVEL = "-Onone";
			};
			name = Debug;
		};
		2B451E982424FF020001E588 /* Release */ = {
			isa = XCBuildConfiguration;
			buildSettings = {
				ALWAYS_SEARCH_USER_PATHS = NO;
				CLANG_ANALYZER_NONNULL = YES;
				CLANG_ANALYZER_NUMBER_OBJECT_CONVERSION = YES_AGGRESSIVE;
				CLANG_CXX_LANGUAGE_STANDARD = "gnu++14";
				CLANG_CXX_LIBRARY = "libc++";
				CLANG_ENABLE_MODULES = YES;
				CLANG_ENABLE_OBJC_ARC = YES;
				CLANG_ENABLE_OBJC_WEAK = YES;
				CLANG_WARN_BLOCK_CAPTURE_AUTORELEASING = YES;
				CLANG_WARN_BOOL_CONVERSION = YES;
				CLANG_WARN_COMMA = YES;
				CLANG_WARN_CONSTANT_CONVERSION = YES;
				CLANG_WARN_DEPRECATED_OBJC_IMPLEMENTATIONS = YES;
				CLANG_WARN_DIRECT_OBJC_ISA_USAGE = YES_ERROR;
				CLANG_WARN_DOCUMENTATION_COMMENTS = YES;
				CLANG_WARN_EMPTY_BODY = YES;
				CLANG_WARN_ENUM_CONVERSION = YES;
				CLANG_WARN_INFINITE_RECURSION = YES;
				CLANG_WARN_INT_CONVERSION = YES;
				CLANG_WARN_NON_LITERAL_NULL_CONVERSION = YES;
				CLANG_WARN_OBJC_IMPLICIT_RETAIN_SELF = YES;
				CLANG_WARN_OBJC_LITERAL_CONVERSION = YES;
				CLANG_WARN_OBJC_ROOT_CLASS = YES_ERROR;
				CLANG_WARN_RANGE_LOOP_ANALYSIS = YES;
				CLANG_WARN_STRICT_PROTOTYPES = YES;
				CLANG_WARN_SUSPICIOUS_MOVE = YES;
				CLANG_WARN_UNGUARDED_AVAILABILITY = YES_AGGRESSIVE;
				CLANG_WARN_UNREACHABLE_CODE = YES;
				CLANG_WARN__DUPLICATE_METHOD_MATCH = YES;
				COPY_PHASE_STRIP = NO;
				DEBUG_INFORMATION_FORMAT = "dwarf-with-dsym";
				ENABLE_NS_ASSERTIONS = NO;
				ENABLE_STRICT_OBJC_MSGSEND = YES;
				GCC_C_LANGUAGE_STANDARD = gnu11;
				GCC_NO_COMMON_BLOCKS = YES;
				GCC_WARN_64_TO_32_BIT_CONVERSION = YES;
				GCC_WARN_ABOUT_RETURN_TYPE = YES_ERROR;
				GCC_WARN_UNDECLARED_SELECTOR = YES;
				GCC_WARN_UNINITIALIZED_AUTOS = YES_AGGRESSIVE;
				GCC_WARN_UNUSED_FUNCTION = YES;
				GCC_WARN_UNUSED_VARIABLE = YES;
				IPHONEOS_DEPLOYMENT_TARGET = 13.2;
				MTL_ENABLE_DEBUG_INFO = NO;
				MTL_FAST_MATH = YES;
				SDKROOT = iphoneos;
				SWIFT_COMPILATION_MODE = wholemodule;
				SWIFT_OPTIMIZATION_LEVEL = "-O";
				VALIDATE_PRODUCT = YES;
			};
			name = Release;
		};
		2B451E9A2424FF020001E588 /* Debug */ = {
			isa = XCBuildConfiguration;
			buildSettings = {
				ASSETCATALOG_COMPILER_APPICON_NAME = AppIcon;
				CODE_SIGN_STYLE = Automatic;
				DEVELOPMENT_TEAM = S7RP66WUPZ;
				INFOPLIST_FILE = "ProgrammaticallyUI-day1/Info.plist";
				LD_RUNPATH_SEARCH_PATHS = (
					"$(inherited)",
					"@executable_path/Frameworks",
				);
				PRODUCT_BUNDLE_IDENTIFIER = "makintosh.ProgrammaticallyUI-day1";
				PRODUCT_NAME = "$(TARGET_NAME)";
				SWIFT_VERSION = 5.0;
				TARGETED_DEVICE_FAMILY = "1,2";
			};
			name = Debug;
		};
		2B451E9B2424FF020001E588 /* Release */ = {
			isa = XCBuildConfiguration;
			buildSettings = {
				ASSETCATALOG_COMPILER_APPICON_NAME = AppIcon;
				CODE_SIGN_STYLE = Automatic;
				DEVELOPMENT_TEAM = S7RP66WUPZ;
				INFOPLIST_FILE = "ProgrammaticallyUI-day1/Info.plist";
				LD_RUNPATH_SEARCH_PATHS = (
					"$(inherited)",
					"@executable_path/Frameworks",
				);
				PRODUCT_BUNDLE_IDENTIFIER = "makintosh.ProgrammaticallyUI-day1";
				PRODUCT_NAME = "$(TARGET_NAME)";
				SWIFT_VERSION = 5.0;
				TARGETED_DEVICE_FAMILY = "1,2";
			};
			name = Release;
		};
/* End XCBuildConfiguration section */

/* Begin XCConfigurationList section */
		2B451E802424FEFF0001E588 /* Build configuration list for PBXProject "ProgrammaticallyUI-day1" */ = {
			isa = XCConfigurationList;
			buildConfigurations = (
				2B451E972424FF020001E588 /* Debug */,
				2B451E982424FF020001E588 /* Release */,
			);
			defaultConfigurationIsVisible = 0;
			defaultConfigurationName = Release;
		};
		2B451E992424FF020001E588 /* Build configuration list for PBXNativeTarget "ProgrammaticallyUI-day1" */ = {
			isa = XCConfigurationList;
			buildConfigurations = (
				2B451E9A2424FF020001E588 /* Debug */,
				2B451E9B2424FF020001E588 /* Release */,
			);
			defaultConfigurationIsVisible = 0;
			defaultConfigurationName = Release;
		};
/* End XCConfigurationList section */
	};
	rootObject = 2B451E7D2424FEFF0001E588 /* Project object */;
}
