// !$*UTF8*$!
{
	archiveVersion = 1;
	classes = {
	};
	objectVersion = 50;
	objects = {

/* Begin PBXBuildFile section */
		2B6E3423243D8B6500E79B1D /* AppDelegate.swift in Sources */ = {isa = PBXBuildFile; fileRef = 2B6E3422243D8B6500E79B1D /* AppDelegate.swift */; };
		2B6E3425243D8B6500E79B1D /* SceneDelegate.swift in Sources */ = {isa = PBXBuildFile; fileRef = 2B6E3424243D8B6500E79B1D /* SceneDelegate.swift */; };
		2B6E3427243D8B6500E79B1D /* ViewController.swift in Sources */ = {isa = PBXBuildFile; fileRef = 2B6E3426243D8B6500E79B1D /* ViewController.swift */; };
		2B6E342C243D8B6700E79B1D /* Assets.xcassets in Resources */ = {isa = PBXBuildFile; fileRef = 2B6E342B243D8B6700E79B1D /* Assets.xcassets */; };
		2B6E342F243D8B6700E79B1D /* LaunchScreen.storyboard in Resources */ = {isa = PBXBuildFile; fileRef = 2B6E342D243D8B6700E79B1D /* LaunchScreen.storyboard */; };
		2B6E3437243D8F1800E79B1D /* ToDoCell.swift in Sources */ = {isa = PBXBuildFile; fileRef = 2B6E3436243D8F1800E79B1D /* ToDoCell.swift */; };
		2B6E3439243D9AF100E79B1D /* Helpers.swift in Sources */ = {isa = PBXBuildFile; fileRef = 2B6E3438243D9AF100E79B1D /* Helpers.swift */; };
		2B6E343B243D9FB400E79B1D /* CategoriesViewController.swift in Sources */ = {isa = PBXBuildFile; fileRef = 2B6E343A243D9FB400E79B1D /* CategoriesViewController.swift */; };
		2B6E343D243DA8B900E79B1D /* CheckBox.swift in Sources */ = {isa = PBXBuildFile; fileRef = 2B6E343C243DA8B900E79B1D /* CheckBox.swift */; };
		2B6E343F243E28D200E79B1D /* ToDos.swift in Sources */ = {isa = PBXBuildFile; fileRef = 2B6E343E243E28D200E79B1D /* ToDos.swift */; };
		2BF516412440C4A1001A5604 /* CategoriesCell.swift in Sources */ = {isa = PBXBuildFile; fileRef = 2BF516402440C4A1001A5604 /* CategoriesCell.swift */; };
		37A8E790FD48E370F6C7D636 /* Pods_ToDo.framework in Frameworks */ = {isa = PBXBuildFile; fileRef = A2939F21D60767A4FDF69CE7 /* Pods_ToDo.framework */; };
/* End PBXBuildFile section */

/* Begin PBXFileReference section */
		10D47A3EA19B0B1A2BA686BE /* Pods-ToDo.debug.xcconfig */ = {isa = PBXFileReference; includeInIndex = 1; lastKnownFileType = text.xcconfig; name = "Pods-ToDo.debug.xcconfig"; path = "Target Support Files/Pods-ToDo/Pods-ToDo.debug.xcconfig"; sourceTree = "<group>"; };
		2B6E341F243D8B6500E79B1D /* ToDo.app */ = {isa = PBXFileReference; explicitFileType = wrapper.application; includeInIndex = 0; path = ToDo.app; sourceTree = BUILT_PRODUCTS_DIR; };
		2B6E3422243D8B6500E79B1D /* AppDelegate.swift */ = {isa = PBXFileReference; lastKnownFileType = sourcecode.swift; path = AppDelegate.swift; sourceTree = "<group>"; };
		2B6E3424243D8B6500E79B1D /* SceneDelegate.swift */ = {isa = PBXFileReference; lastKnownFileType = sourcecode.swift; path = SceneDelegate.swift; sourceTree = "<group>"; };
		2B6E3426243D8B6500E79B1D /* ViewController.swift */ = {isa = PBXFileReference; lastKnownFileType = sourcecode.swift; path = ViewController.swift; sourceTree = "<group>"; };
		2B6E342B243D8B6700E79B1D /* Assets.xcassets */ = {isa = PBXFileReference; lastKnownFileType = folder.assetcatalog; path = Assets.xcassets; sourceTree = "<group>"; };
		2B6E342E243D8B6700E79B1D /* Base */ = {isa = PBXFileReference; lastKnownFileType = file.storyboard; name = Base; path = Base.lproj/LaunchScreen.storyboard; sourceTree = "<group>"; };
		2B6E3430243D8B6700E79B1D /* Info.plist */ = {isa = PBXFileReference; lastKnownFileType = text.plist.xml; path = Info.plist; sourceTree = "<group>"; };
		2B6E3436243D8F1800E79B1D /* ToDoCell.swift */ = {isa = PBXFileReference; lastKnownFileType = sourcecode.swift; path = ToDoCell.swift; sourceTree = "<group>"; };
		2B6E3438243D9AF100E79B1D /* Helpers.swift */ = {isa = PBXFileReference; lastKnownFileType = sourcecode.swift; path = Helpers.swift; sourceTree = "<group>"; };
		2B6E343A243D9FB400E79B1D /* CategoriesViewController.swift */ = {isa = PBXFileReference; lastKnownFileType = sourcecode.swift; path = CategoriesViewController.swift; sourceTree = "<group>"; };
		2B6E343C243DA8B900E79B1D /* CheckBox.swift */ = {isa = PBXFileReference; lastKnownFileType = sourcecode.swift; path = CheckBox.swift; sourceTree = "<group>"; };
		2B6E343E243E28D200E79B1D /* ToDos.swift */ = {isa = PBXFileReference; lastKnownFileType = sourcecode.swift; path = ToDos.swift; sourceTree = "<group>"; };
		2BF516402440C4A1001A5604 /* CategoriesCell.swift */ = {isa = PBXFileReference; lastKnownFileType = sourcecode.swift; path = CategoriesCell.swift; sourceTree = "<group>"; };
		A2939F21D60767A4FDF69CE7 /* Pods_ToDo.framework */ = {isa = PBXFileReference; explicitFileType = wrapper.framework; includeInIndex = 0; path = Pods_ToDo.framework; sourceTree = BUILT_PRODUCTS_DIR; };
		EF1B14699E7EE71FE2B0C66E /* Pods-ToDo.release.xcconfig */ = {isa = PBXFileReference; includeInIndex = 1; lastKnownFileType = text.xcconfig; name = "Pods-ToDo.release.xcconfig"; path = "Target Support Files/Pods-ToDo/Pods-ToDo.release.xcconfig"; sourceTree = "<group>"; };
/* End PBXFileReference section */

/* Begin PBXFrameworksBuildPhase section */
		2B6E341C243D8B6500E79B1D /* Frameworks */ = {
			isa = PBXFrameworksBuildPhase;
			buildActionMask = 2147483647;
			files = (
				37A8E790FD48E370F6C7D636 /* Pods_ToDo.framework in Frameworks */,
			);
			runOnlyForDeploymentPostprocessing = 0;
		};
/* End PBXFrameworksBuildPhase section */

/* Begin PBXGroup section */
		2B6E3416243D8B6500E79B1D = {
			isa = PBXGroup;
			children = (
				2B6E3421243D8B6500E79B1D /* ToDo */,
				2B6E3420243D8B6500E79B1D /* Products */,
				A9C8A2184CC1EDC154161DCC /* Pods */,
				694D501A9BFE82ABF3306629 /* Frameworks */,
			);
			sourceTree = "<group>";
		};
		2B6E3420243D8B6500E79B1D /* Products */ = {
			isa = PBXGroup;
			children = (
				2B6E341F243D8B6500E79B1D /* ToDo.app */,
			);
			name = Products;
			sourceTree = "<group>";
		};
		2B6E3421243D8B6500E79B1D /* ToDo */ = {
			isa = PBXGroup;
			children = (
				2B6E3422243D8B6500E79B1D /* AppDelegate.swift */,
				2B6E3424243D8B6500E79B1D /* SceneDelegate.swift */,
				2B6E3426243D8B6500E79B1D /* ViewController.swift */,
				2B6E3436243D8F1800E79B1D /* ToDoCell.swift */,
				2B6E343A243D9FB400E79B1D /* CategoriesViewController.swift */,
				2BF516402440C4A1001A5604 /* CategoriesCell.swift */,
				2B6E342B243D8B6700E79B1D /* Assets.xcassets */,
				2B6E342D243D8B6700E79B1D /* LaunchScreen.storyboard */,
				2B6E3430243D8B6700E79B1D /* Info.plist */,
				2B6E3438243D9AF100E79B1D /* Helpers.swift */,
				2B6E343C243DA8B900E79B1D /* CheckBox.swift */,
				2B6E343E243E28D200E79B1D /* ToDos.swift */,
			);
			path = ToDo;
			sourceTree = "<group>";
		};
		694D501A9BFE82ABF3306629 /* Frameworks */ = {
			isa = PBXGroup;
			children = (
				A2939F21D60767A4FDF69CE7 /* Pods_ToDo.framework */,
			);
			name = Frameworks;
			sourceTree = "<group>";
		};
		A9C8A2184CC1EDC154161DCC /* Pods */ = {
			isa = PBXGroup;
			children = (
				10D47A3EA19B0B1A2BA686BE /* Pods-ToDo.debug.xcconfig */,
				EF1B14699E7EE71FE2B0C66E /* Pods-ToDo.release.xcconfig */,
			);
			name = Pods;
			path = Pods;
			sourceTree = "<group>";
		};
/* End PBXGroup section */

/* Begin PBXNativeTarget section */
		2B6E341E243D8B6500E79B1D /* ToDo */ = {
			isa = PBXNativeTarget;
			buildConfigurationList = 2B6E3433243D8B6700E79B1D /* Build configuration list for PBXNativeTarget "ToDo" */;
			buildPhases = (
				AB4D74346DB1C9020E4696B3 /* [CP] Check Pods Manifest.lock */,
				2B6E341B243D8B6500E79B1D /* Sources */,
				2B6E341C243D8B6500E79B1D /* Frameworks */,
				2B6E341D243D8B6500E79B1D /* Resources */,
				B3192919AA87B2696E12D0F4 /* [CP] Embed Pods Frameworks */,
			);
			buildRules = (
			);
			dependencies = (
			);
			name = ToDo;
			productName = ToDo;
			productReference = 2B6E341F243D8B6500E79B1D /* ToDo.app */;
			productType = "com.apple.product-type.application";
		};
/* End PBXNativeTarget section */

/* Begin PBXProject section */
		2B6E3417243D8B6500E79B1D /* Project object */ = {
			isa = PBXProject;
			attributes = {
				LastSwiftUpdateCheck = 1130;
				LastUpgradeCheck = 1130;
				ORGANIZATIONNAME = "Sugirbay Margulan";
				TargetAttributes = {
					2B6E341E243D8B6500E79B1D = {
						CreatedOnToolsVersion = 11.3;
					};
				};
			};
			buildConfigurationList = 2B6E341A243D8B6500E79B1D /* Build configuration list for PBXProject "ToDo" */;
			compatibilityVersion = "Xcode 9.3";
			developmentRegion = en;
			hasScannedForEncodings = 0;
			knownRegions = (
				en,
				Base,
			);
			mainGroup = 2B6E3416243D8B6500E79B1D;
			productRefGroup = 2B6E3420243D8B6500E79B1D /* Products */;
			projectDirPath = "";
			projectRoot = "";
			targets = (
				2B6E341E243D8B6500E79B1D /* ToDo */,
			);
		};
/* End PBXProject section */

/* Begin PBXResourcesBuildPhase section */
		2B6E341D243D8B6500E79B1D /* Resources */ = {
			isa = PBXResourcesBuildPhase;
			buildActionMask = 2147483647;
			files = (
				2B6E342F243D8B6700E79B1D /* LaunchScreen.storyboard in Resources */,
				2B6E342C243D8B6700E79B1D /* Assets.xcassets in Resources */,
			);
			runOnlyForDeploymentPostprocessing = 0;
		};
/* End PBXResourcesBuildPhase section */

/* Begin PBXShellScriptBuildPhase section */
		AB4D74346DB1C9020E4696B3 /* [CP] Check Pods Manifest.lock */ = {
			isa = PBXShellScriptBuildPhase;
			buildActionMask = 2147483647;
			files = (
			);
			inputFileListPaths = (
			);
			inputPaths = (
				"${PODS_PODFILE_DIR_PATH}/Podfile.lock",
				"${PODS_ROOT}/Manifest.lock",
			);
			name = "[CP] Check Pods Manifest.lock";
			outputFileListPaths = (
			);
			outputPaths = (
				"$(DERIVED_FILE_DIR)/Pods-ToDo-checkManifestLockResult.txt",
			);
			runOnlyForDeploymentPostprocessing = 0;
			shellPath = /bin/sh;
			shellScript = "diff \"${PODS_PODFILE_DIR_PATH}/Podfile.lock\" \"${PODS_ROOT}/Manifest.lock\" > /dev/null\nif [ $? != 0 ] ; then\n    # print error to STDERR\n    echo \"error: The sandbox is not in sync with the Podfile.lock. Run 'pod install' or update your CocoaPods installation.\" >&2\n    exit 1\nfi\n# This output is used by Xcode 'outputs' to avoid re-running this script phase.\necho \"SUCCESS\" > \"${SCRIPT_OUTPUT_FILE_0}\"\n";
			showEnvVarsInLog = 0;
		};
		B3192919AA87B2696E12D0F4 /* [CP] Embed Pods Frameworks */ = {
			isa = PBXShellScriptBuildPhase;
			buildActionMask = 2147483647;
			files = (
			);
			inputFileListPaths = (
				"${PODS_ROOT}/Target Support Files/Pods-ToDo/Pods-ToDo-frameworks-${CONFIGURATION}-input-files.xcfilelist",
			);
			name = "[CP] Embed Pods Frameworks";
			outputFileListPaths = (
				"${PODS_ROOT}/Target Support Files/Pods-ToDo/Pods-ToDo-frameworks-${CONFIGURATION}-output-files.xcfilelist",
			);
			runOnlyForDeploymentPostprocessing = 0;
			shellPath = /bin/sh;
			shellScript = "\"${PODS_ROOT}/Target Support Files/Pods-ToDo/Pods-ToDo-frameworks.sh\"\n";
			showEnvVarsInLog = 0;
		};
/* End PBXShellScriptBuildPhase section */

/* Begin PBXSourcesBuildPhase section */
		2B6E341B243D8B6500E79B1D /* Sources */ = {
			isa = PBXSourcesBuildPhase;
			buildActionMask = 2147483647;
			files = (
				2BF516412440C4A1001A5604 /* CategoriesCell.swift in Sources */,
				2B6E3427243D8B6500E79B1D /* ViewController.swift in Sources */,
				2B6E3423243D8B6500E79B1D /* AppDelegate.swift in Sources */,
				2B6E343B243D9FB400E79B1D /* CategoriesViewController.swift in Sources */,
				2B6E343D243DA8B900E79B1D /* CheckBox.swift in Sources */,
				2B6E3425243D8B6500E79B1D /* SceneDelegate.swift in Sources */,
				2B6E3439243D9AF100E79B1D /* Helpers.swift in Sources */,
				2B6E3437243D8F1800E79B1D /* ToDoCell.swift in Sources */,
				2B6E343F243E28D200E79B1D /* ToDos.swift in Sources */,
			);
			runOnlyForDeploymentPostprocessing = 0;
		};
/* End PBXSourcesBuildPhase section */

/* Begin PBXVariantGroup section */
		2B6E342D243D8B6700E79B1D /* LaunchScreen.storyboard */ = {
			isa = PBXVariantGroup;
			children = (
				2B6E342E243D8B6700E79B1D /* Base */,
			);
			name = LaunchScreen.storyboard;
			sourceTree = "<group>";
		};
/* End PBXVariantGroup section */

/* Begin XCBuildConfiguration section */
		2B6E3431243D8B6700E79B1D /* Debug */ = {
			isa = XCBuildConfiguration;
			buildSettings = {
				ALWAYS_SEARCH_USER_PATHS = NO;
				CLANG_ANALYZER_NONNULL = YES;
				CLANG_ANALYZER_NUMBER_OBJECT_CONVERSION = YES_AGGRESSIVE;
				CLANG_CXX_LANGUAGE_STANDARD = "gnu++14";
				CLANG_CXX_LIBRARY = "libc++";
				CLANG_ENABLE_MODULES = YES;
				CLANG_ENABLE_OBJC_ARC = YES;
				CLANG_ENABLE_OBJC_WEAK = YES;
				CLANG_WARN_BLOCK_CAPTURE_AUTORELEASING = YES;
				CLANG_WARN_BOOL_CONVERSION = YES;
				CLANG_WARN_COMMA = YES;
				CLANG_WARN_CONSTANT_CONVERSION = YES;
				CLANG_WARN_DEPRECATED_OBJC_IMPLEMENTATIONS = YES;
				CLANG_WARN_DIRECT_OBJC_ISA_USAGE = YES_ERROR;
				CLANG_WARN_DOCUMENTATION_COMMENTS = YES;
				CLANG_WARN_EMPTY_BODY = YES;
				CLANG_WARN_ENUM_CONVERSION = YES;
				CLANG_WARN_INFINITE_RECURSION = YES;
				CLANG_WARN_INT_CONVERSION = YES;
				CLANG_WARN_NON_LITERAL_NULL_CONVERSION = YES;
				CLANG_WARN_OBJC_IMPLICIT_RETAIN_SELF = YES;
				CLANG_WARN_OBJC_LITERAL_CONVERSION = YES;
				CLANG_WARN_OBJC_ROOT_CLASS = YES_ERROR;
				CLANG_WARN_RANGE_LOOP_ANALYSIS = YES;
				CLANG_WARN_STRICT_PROTOTYPES = YES;
				CLANG_WARN_SUSPICIOUS_MOVE = YES;
				CLANG_WARN_UNGUARDED_AVAILABILITY = YES_AGGRESSIVE;
				CLANG_WARN_UNREACHABLE_CODE = YES;
				CLANG_WARN__DUPLICATE_METHOD_MATCH = YES;
				COPY_PHASE_STRIP = NO;
				DEBUG_INFORMATION_FORMAT = dwarf;
				ENABLE_STRICT_OBJC_MSGSEND = YES;
				ENABLE_TESTABILITY = YES;
				GCC_C_LANGUAGE_STANDARD = gnu11;
				GCC_DYNAMIC_NO_PIC = NO;
				GCC_NO_COMMON_BLOCKS = YES;
				GCC_OPTIMIZATION_LEVEL = 0;
				GCC_PREPROCESSOR_DEFINITIONS = (
					"DEBUG=1",
					"$(inherited)",
				);
				GCC_WARN_64_TO_32_BIT_CONVERSION = YES;
				GCC_WARN_ABOUT_RETURN_TYPE = YES_ERROR;
				GCC_WARN_UNDECLARED_SELECTOR = YES;
				GCC_WARN_UNINITIALIZED_AUTOS = YES_AGGRESSIVE;
				GCC_WARN_UNUSED_FUNCTION = YES;
				GCC_WARN_UNUSED_VARIABLE = YES;
				IPHONEOS_DEPLOYMENT_TARGET = 13.2;
				MTL_ENABLE_DEBUG_INFO = INCLUDE_SOURCE;
				MTL_FAST_MATH = YES;
				ONLY_ACTIVE_ARCH = YES;
				SDKROOT = iphoneos;
				SWIFT_ACTIVE_COMPILATION_CONDITIONS = DEBUG;
				SWIFT_OPTIMIZATION_LEVEL = "-Onone";
			};
			name = Debug;
		};
		2B6E3432243D8B6700E79B1D /* Release */ = {
			isa = XCBuildConfiguration;
			buildSettings = {
				ALWAYS_SEARCH_USER_PATHS = NO;
				CLANG_ANALYZER_NONNULL = YES;
				CLANG_ANALYZER_NUMBER_OBJECT_CONVERSION = YES_AGGRESSIVE;
				CLANG_CXX_LANGUAGE_STANDARD = "gnu++14";
				CLANG_CXX_LIBRARY = "libc++";
				CLANG_ENABLE_MODULES = YES;
				CLANG_ENABLE_OBJC_ARC = YES;
				CLANG_ENABLE_OBJC_WEAK = YES;
				CLANG_WARN_BLOCK_CAPTURE_AUTORELEASING = YES;
				CLANG_WARN_BOOL_CONVERSION = YES;
				CLANG_WARN_COMMA = YES;
				CLANG_WARN_CONSTANT_CONVERSION = YES;
				CLANG_WARN_DEPRECATED_OBJC_IMPLEMENTATIONS = YES;
				CLANG_WARN_DIRECT_OBJC_ISA_USAGE = YES_ERROR;
				CLANG_WARN_DOCUMENTATION_COMMENTS = YES;
				CLANG_WARN_EMPTY_BODY = YES;
				CLANG_WARN_ENUM_CONVERSION = YES;
				CLANG_WARN_INFINITE_RECURSION = YES;
				CLANG_WARN_INT_CONVERSION = YES;
				CLANG_WARN_NON_LITERAL_NULL_CONVERSION = YES;
				CLANG_WARN_OBJC_IMPLICIT_RETAIN_SELF = YES;
				CLANG_WARN_OBJC_LITERAL_CONVERSION = YES;
				CLANG_WARN_OBJC_ROOT_CLASS = YES_ERROR;
				CLANG_WARN_RANGE_LOOP_ANALYSIS = YES;
				CLANG_WARN_STRICT_PROTOTYPES = YES;
				CLANG_WARN_SUSPICIOUS_MOVE = YES;
				CLANG_WARN_UNGUARDED_AVAILABILITY = YES_AGGRESSIVE;
				CLANG_WARN_UNREACHABLE_CODE = YES;
				CLANG_WARN__DUPLICATE_METHOD_MATCH = YES;
				COPY_PHASE_STRIP = NO;
				DEBUG_INFORMATION_FORMAT = "dwarf-with-dsym";
				ENABLE_NS_ASSERTIONS = NO;
				ENABLE_STRICT_OBJC_MSGSEND = YES;
				GCC_C_LANGUAGE_STANDARD = gnu11;
				GCC_NO_COMMON_BLOCKS = YES;
				GCC_WARN_64_TO_32_BIT_CONVERSION = YES;
				GCC_WARN_ABOUT_RETURN_TYPE = YES_ERROR;
				GCC_WARN_UNDECLARED_SELECTOR = YES;
				GCC_WARN_UNINITIALIZED_AUTOS = YES_AGGRESSIVE;
				GCC_WARN_UNUSED_FUNCTION = YES;
				GCC_WARN_UNUSED_VARIABLE = YES;
				IPHONEOS_DEPLOYMENT_TARGET = 13.2;
				MTL_ENABLE_DEBUG_INFO = NO;
				MTL_FAST_MATH = YES;
				SDKROOT = iphoneos;
				SWIFT_COMPILATION_MODE = wholemodule;
				SWIFT_OPTIMIZATION_LEVEL = "-O";
				VALIDATE_PRODUCT = YES;
			};
			name = Release;
		};
		2B6E3434243D8B6700E79B1D /* Debug */ = {
			isa = XCBuildConfiguration;
			baseConfigurationReference = 10D47A3EA19B0B1A2BA686BE /* Pods-ToDo.debug.xcconfig */;
			buildSettings = {
				ASSETCATALOG_COMPILER_APPICON_NAME = AppIcon;
				CODE_SIGN_STYLE = Automatic;
				DEVELOPMENT_TEAM = S7RP66WUPZ;
				INFOPLIST_FILE = ToDo/Info.plist;
				LD_RUNPATH_SEARCH_PATHS = (
					"$(inherited)",
					"@executable_path/Frameworks",
				);
				PRODUCT_BUNDLE_IDENTIFIER = makintosh.ToDo;
				PRODUCT_NAME = "$(TARGET_NAME)";
				SWIFT_VERSION = 5.0;
				TARGETED_DEVICE_FAMILY = "1,2";
			};
			name = Debug;
		};
		2B6E3435243D8B6700E79B1D /* Release */ = {
			isa = XCBuildConfiguration;
			baseConfigurationReference = EF1B14699E7EE71FE2B0C66E /* Pods-ToDo.release.xcconfig */;
			buildSettings = {
				ASSETCATALOG_COMPILER_APPICON_NAME = AppIcon;
				CODE_SIGN_STYLE = Automatic;
				DEVELOPMENT_TEAM = S7RP66WUPZ;
				INFOPLIST_FILE = ToDo/Info.plist;
				LD_RUNPATH_SEARCH_PATHS = (
					"$(inherited)",
					"@executable_path/Frameworks",
				);
				PRODUCT_BUNDLE_IDENTIFIER = makintosh.ToDo;
				PRODUCT_NAME = "$(TARGET_NAME)";
				SWIFT_VERSION = 5.0;
				TARGETED_DEVICE_FAMILY = "1,2";
			};
			name = Release;
		};
/* End XCBuildConfiguration section */

/* Begin XCConfigurationList section */
		2B6E341A243D8B6500E79B1D /* Build configuration list for PBXProject "ToDo" */ = {
			isa = XCConfigurationList;
			buildConfigurations = (
				2B6E3431243D8B6700E79B1D /* Debug */,
				2B6E3432243D8B6700E79B1D /* Release */,
			);
			defaultConfigurationIsVisible = 0;
			defaultConfigurationName = Release;
		};
		2B6E3433243D8B6700E79B1D /* Build configuration list for PBXNativeTarget "ToDo" */ = {
			isa = XCConfigurationList;
			buildConfigurations = (
				2B6E3434243D8B6700E79B1D /* Debug */,
				2B6E3435243D8B6700E79B1D /* Release */,
			);
			defaultConfigurationIsVisible = 0;
			defaultConfigurationName = Release;
		};
/* End XCConfigurationList section */
	};
	rootObject = 2B6E3417243D8B6500E79B1D /* Project object */;
}
